
Microsoft Visual Studio Solution File, Format Version 12.00
Project("{FAE04EC0-301F-11D3-BF4B-00C04F79EFBC}") = "BookShop", "BookShop\BookShop.csproj", "{6CCB0057-8E50-442C-A980-8811A0CA5FB7}"
EndProject
Project("{FAE04EC0-301F-11D3-BF4B-00C04F79EFBC}") = "ClientHttp", "ClientHttp\ClientHttp.csproj", "{0176D997-295F-4201-BC96-34908A104C7E}"
EndProject
Global
	GlobalSection(SolutionConfigurationPlatforms) = preSolution
		Debug|Any CPU = Debug|Any CPU
		Release|Any CPU = Release|Any CPU
	EndGlobalSection
	GlobalSection(ProjectConfigurationPlatforms) = postSolution
		{6CCB0057-8E50-442C-A980-8811A0CA5FB7}.Debug|Any CPU.ActiveCfg = Debug|Any CPU
		{6CCB0057-8E50-442C-A980-8811A0CA5FB7}.Debug|Any CPU.Build.0 = Debug|Any CPU
		{6CCB0057-8E50-442C-A980-8811A0CA5FB7}.Release|Any CPU.ActiveCfg = Release|Any CPU
		{6CCB0057-8E50-442C-A980-8811A0CA5FB7}.Release|Any CPU.Build.0 = Release|Any CPU
		{0176D997-295F-4201-BC96-34908A104C7E}.Debug|Any CPU.ActiveCfg = Debug|Any CPU
		{0176D997-295F-4201-BC96-34908A104C7E}.Debug|Any CPU.Build.0 = Debug|Any CPU
		{0176D997-295F-4201-BC96-34908A104C7E}.Release|Any CPU.ActiveCfg = Release|Any CPU
		{0176D997-295F-4201-BC96-34908A104C7E}.Release|Any CPU.Build.0 = Release|Any CPU
	EndGlobalSection
EndGlobal
